Microsoft Visual Studio Solution File, Format Version 12.00
# Visual Studio Version 17
VisualStudioVersion = 17.5.2.0
MinimumVisualStudioVersion = 10.0.40219.1
Project("{FAE04EC0-301F-11D3-BF4B-00C04F79EFBC}") = "MySimpleApp", "MySimpleApp.csproj", "{361268FB-4423-02B1-C59B-308D90C729B5}"
EndProject
Global
	GlobalSection(SolutionConfigurationPlatforms) = preSolution
		Debug|Any CPU = Debug|Any CPU
		Release|Any CPU = Release|Any CPU
	EndGlobalSection
	GlobalSection(ProjectConfigurationPlatforms) = postSolution
		{361268FB-4423-02B1-C59B-308D90C729B5}.Debug|Any CPU.ActiveCfg = Debug|Any CPU
		{361268FB-4423-02B1-C59B-308D90C729B5}.Debug|Any CPU.Build.0 = Debug|Any CPU
		{361268FB-4423-02B1-C59B-308D90C729B5}.Release|Any CPU.ActiveCfg = Release|Any CPU
		{361268FB-4423-02B1-C59B-308D90C729B5}.Release|Any CPU.Build.0 = Release|Any CPU
	EndGlobalSection
	GlobalSection(SolutionProperties) = preSolution
		HideSolutionNode = FALSE
	EndGlobalSection
	GlobalSection(ExtensibilityGlobals) = postSolution
		SolutionGuid = {FD1E390C-BF4D-4629-9943-8D640C5429BD}
	EndGlobalSection
EndGlobal
